
Microsoft Visual Studio Solution File, Format Version 12.00
# Visual Studio Version 17
VisualStudioVersion = 17.9.34728.123
MinimumVisualStudioVersion = 10.0.40219.1
Project("{FAE04EC0-301F-11D3-BF4B-00C04F79EFBC}") = "StudentRegistration", "StudentRegistration\StudentRegistration.csproj", "{A3C59149-055D-4806-A309-78CE5E805724}"
EndProject
Global
	GlobalSection(SolutionConfigurationPlatforms) = preSolution
		Debug|Any CPU = Debug|Any CPU
		Release|Any CPU = Release|Any CPU
	EndGlobalSection
	GlobalSection(ProjectConfigurationPlatforms) = postSolution
		{A3C59149-055D-4806-A309-78CE5E805724}.Debug|Any CPU.ActiveCfg = Debug|Any CPU
		{A3C59149-055D-4806-A309-78CE5E805724}.Debug|Any CPU.Build.0 = Debug|Any CPU
		{A3C59149-055D-4806-A309-78CE5E805724}.Release|Any CPU.ActiveCfg = Release|Any CPU
		{A3C59149-055D-4806-A309-78CE5E805724}.Release|Any CPU.Build.0 = Release|Any CPU
	EndGlobalSection
	GlobalSection(SolutionProperties) = preSolution
		HideSolutionNode = FALSE
	EndGlobalSection
	GlobalSection(ExtensibilityGlobals) = postSolution
		SolutionGuid = {596F7B4B-0A4E-48CB-B841-D5F1B84A5C5E}
	EndGlobalSection
EndGlobal
